
Microsoft Visual Studio Solution File, Format Version 12.00
# Visual Studio Version 17
VisualStudioVersion = 17.3.32811.315
MinimumVisualStudioVersion = 10.0.40219.1
Project("{9A19103F-16F7-4668-BE54-9A1E7A4F7556}") = "TeduEcommerce.Domain", "src\TeduEcommerce.Domain\TeduEcommerce.Domain.csproj", "{554AD327-6DBA-4F8F-96F8-81CE7A0C863F}"
EndProject
Project("{9A19103F-16F7-4668-BE54-9A1E7A4F7556}") = "TeduEcommerce.Application", "src\TeduEcommerce.Application\TeduEcommerce.Application.csproj", "{1A94A50E-06DC-43C1-80B5-B662820EC3EB}"
EndProject
Project("{9A19103F-16F7-4668-BE54-9A1E7A4F7556}") = "TeduEcommerce.EntityFrameworkCore", "src\TeduEcommerce.EntityFrameworkCore\TeduEcommerce.EntityFrameworkCore.csproj", "{C956DD76-69C8-4A9C-83EA-D17DF83340FD}"
EndProject
Project("{2150E333-8FDC-42A3-9474-1A3956D46DE8}") = "src", "src", "{CA9AC87F-097E-4F15-8393-4BC07735A5B0}"
EndProject
Project("{2150E333-8FDC-42A3-9474-1A3956D46DE8}") = "test", "test", "{04DBDB01-70F4-4E06-B468-8F87850B22BE}"
EndProject
Project("{9A19103F-16F7-4668-BE54-9A1E7A4F7556}") = "TeduEcommerce.Application.Tests", "test\TeduEcommerce.Application.Tests\TeduEcommerce.Application.Tests.csproj", "{50B2631D-129C-47B3-A587-029CCD6099BC}"
EndProject
Project("{9A19103F-16F7-4668-BE54-9A1E7A4F7556}") = "TeduEcommerce.Domain.Shared", "src\TeduEcommerce.Domain.Shared\TeduEcommerce.Domain.Shared.csproj", "{42F719ED-8413-4895-B5B4-5AB56079BC66}"
EndProject
Project("{9A19103F-16F7-4668-BE54-9A1E7A4F7556}") = "TeduEcommerce.Application.Contracts", "src\TeduEcommerce.Application.Contracts\TeduEcommerce.Application.Contracts.csproj", "{520659C8-C734-4298-A3DA-B539DB9DFC0B}"
EndProject
Project("{9A19103F-16F7-4668-BE54-9A1E7A4F7556}") = "TeduEcommerce.HttpApi", "src\TeduEcommerce.HttpApi\TeduEcommerce.HttpApi.csproj", "{4164BDF7-F527-4E85-9CE6-E3C2D7426A27}"
EndProject
Project("{9A19103F-16F7-4668-BE54-9A1E7A4F7556}") = "TeduEcommerce.HttpApi.Client", "src\TeduEcommerce.HttpApi.Client\TeduEcommerce.HttpApi.Client.csproj", "{3B5A0094-670D-4BB1-BFDD-61B88A8773DC}"
EndProject
Project("{9A19103F-16F7-4668-BE54-9A1E7A4F7556}") = "TeduEcommerce.AuthServer", "src\TeduEcommerce.AuthServer\TeduEcommerce.AuthServer.csproj", "{073C361E-B8F4-49F5-93CC-72A3FF49C026}"
EndProject
Project("{9A19103F-16F7-4668-BE54-9A1E7A4F7556}") = "TeduEcommerce.HttpApi.Host", "src\TeduEcommerce.HttpApi.Host\TeduEcommerce.HttpApi.Host.csproj", "{E6D5BF0E-DE92-4D82-A352-EF04B37CB11C}"
EndProject
Project("{9A19103F-16F7-4668-BE54-9A1E7A4F7556}") = "TeduEcommerce.EntityFrameworkCore.Tests", "test\TeduEcommerce.EntityFrameworkCore.Tests\TeduEcommerce.EntityFrameworkCore.Tests.csproj", "{1FE30EB9-74A9-47F5-A9F6-7B1FAB672D81}"
EndProject
Project("{9A19103F-16F7-4668-BE54-9A1E7A4F7556}") = "TeduEcommerce.TestBase", "test\TeduEcommerce.TestBase\TeduEcommerce.TestBase.csproj", "{91853F21-9CD9-4132-BC29-A7D5D84FFFE7}"
EndProject
Project("{9A19103F-16F7-4668-BE54-9A1E7A4F7556}") = "TeduEcommerce.Domain.Tests", "test\TeduEcommerce.Domain.Tests\TeduEcommerce.Domain.Tests.csproj", "{E512F4D9-9375-480F-A2F6-A46509F9D824}"
EndProject
Project("{9A19103F-16F7-4668-BE54-9A1E7A4F7556}") = "TeduEcommerce.HttpApi.Client.ConsoleTestApp", "test\TeduEcommerce.HttpApi.Client.ConsoleTestApp\TeduEcommerce.HttpApi.Client.ConsoleTestApp.csproj", "{EF480016-9127-4916-8735-D2466BDBC582}"
EndProject
Project("{9A19103F-16F7-4668-BE54-9A1E7A4F7556}") = "TeduEcommerce.DbMigrator", "src\TeduEcommerce.DbMigrator\TeduEcommerce.DbMigrator.csproj", "{AA94D832-1CCC-4715-95A9-A483F23A1A5D}"
EndProject
Project("{2150E333-8FDC-42A3-9474-1A3956D46DE8}") = "Identity", "Identity", "{1BECD7B0-2EA6-4E3E-8FCB-4F69B0879EF4}"
EndProject
Project("{2150E333-8FDC-42A3-9474-1A3956D46DE8}") = "Common", "Common", "{A78AD64D-A217-48F6-800D-F745CFEAB824}"
EndProject
Project("{2150E333-8FDC-42A3-9474-1A3956D46DE8}") = "domain", "domain", "{D6C4454C-AD5B-4910-B5A4-64969D72AA10}"
EndProject
Project("{2150E333-8FDC-42A3-9474-1A3956D46DE8}") = "infrastructure", "infrastructure", "{EF954F2E-57A3-477D-98AA-DD98F1862D06}"
EndProject
Project("{2150E333-8FDC-42A3-9474-1A3956D46DE8}") = "admin", "admin", "{0A173F9D-125F-477C-931A-4641DC8885B4}"
EndProject
Project("{2150E333-8FDC-42A3-9474-1A3956D46DE8}") = "public", "public", "{5106F782-51F7-4A85-83ED-2029F94F4AED}"
EndProject
Project("{9A19103F-16F7-4668-BE54-9A1E7A4F7556}") = "TeduEcommerce.Admin.Application", "src\TeduEcommerce.Admin.Application\TeduEcommerce.Admin.Application.csproj", "{8EED908B-43BA-400F-A094-BB2BA935FCD9}"
EndProject
Project("{9A19103F-16F7-4668-BE54-9A1E7A4F7556}") = "TeduEcommerce.Admin.Application.Contracts", "src\TeduEcommerce.Admin.Application.Contracts\TeduEcommerce.Admin.Application.Contracts.csproj", "{E4A73E09-C6B9-4332-A29C-126BAC4C92C9}"
EndProject
Project("{9A19103F-16F7-4668-BE54-9A1E7A4F7556}") = "TeduEcommerce.Admin.HttpApi", "src\TeduEcommerce.Admin.HttpApi\TeduEcommerce.Admin.HttpApi.csproj", "{EBC01FBA-7D2E-4179-A03D-A1655179E372}"
EndProject
Project("{9A19103F-16F7-4668-BE54-9A1E7A4F7556}") = "TeduEcommerce.Admin.HttpApi.Client", "src\TeduEcommerce.Admin.HttpApi.Client\TeduEcommerce.Admin.HttpApi.Client.csproj", "{26979CF7-8110-43B7-9215-019A9069A41F}"
EndProject
Project("{9A19103F-16F7-4668-BE54-9A1E7A4F7556}") = "TeduEcommerce.Admin.HttpApi.Host", "src\TeduEcommerce.Admin.HttpApi.Host\TeduEcommerce.Admin.HttpApi.Host.csproj", "{168D6C17-3036-45B5-B845-5F6211C74932}"
EndProject
Project("{2150E333-8FDC-42A3-9474-1A3956D46DE8}") = "public", "public", "{402BC2C3-8036-442B-9966-89F46AA03DF1}"
EndProject
Project("{2150E333-8FDC-42A3-9474-1A3956D46DE8}") = "admin", "admin", "{1370614B-D4E4-4847-8AD2-FC8365C63D1A}"
EndProject
Project("{2150E333-8FDC-42A3-9474-1A3956D46DE8}") = "shared", "shared", "{94870CBD-98A4-4428-B32B-15365A8A9525}"
EndProject
Project("{9A19103F-16F7-4668-BE54-9A1E7A4F7556}") = "TeduEcommerce.Admin.Application.Tests", "test\TeduEcommerce.Admin.Application.Tests\TeduEcommerce.Admin.Application.Tests.csproj", "{5AA8810C-BF63-442D-A727-4BE62BBD5101}"
EndProject
Project("{9A19103F-16F7-4668-BE54-9A1E7A4F7556}") = "TeduEcommerce.Admin.HttpApi.Client.ConsoleTestApp", "test\TeduEcommerce.Admin.HttpApi.Client.ConsoleTestApp\TeduEcommerce.Admin.HttpApi.Client.ConsoleTestApp.csproj", "{267FD0E7-8047-4D3E-A57C-336E724F2F26}"
EndProject
Global
	GlobalSection(SolutionConfigurationPlatforms) = preSolution
		Debug|Any CPU = Debug|Any CPU
		Release|Any CPU = Release|Any CPU
	EndGlobalSection
	GlobalSection(ProjectConfigurationPlatforms) = postSolution
		{554AD327-6DBA-4F8F-96F8-81CE7A0C863F}.Debug|Any CPU.ActiveCfg = Debug|Any CPU
		{554AD327-6DBA-4F8F-96F8-81CE7A0C863F}.Debug|Any CPU.Build.0 = Debug|Any CPU
		{554AD327-6DBA-4F8F-96F8-81CE7A0C863F}.Release|Any CPU.ActiveCfg = Release|Any CPU
		{554AD327-6DBA-4F8F-96F8-81CE7A0C863F}.Release|Any CPU.Build.0 = Release|Any CPU
		{1A94A50E-06DC-43C1-80B5-B662820EC3EB}.Debug|Any CPU.ActiveCfg = Debug|Any CPU
		{1A94A50E-06DC-43C1-80B5-B662820EC3EB}.Debug|Any CPU.Build.0 = Debug|Any CPU
		{1A94A50E-06DC-43C1-80B5-B662820EC3EB}.Release|Any CPU.ActiveCfg = Release|Any CPU
		{1A94A50E-06DC-43C1-80B5-B662820EC3EB}.Release|Any CPU.Build.0 = Release|Any CPU
		{C956DD76-69C8-4A9C-83EA-D17DF83340FD}.Debug|Any CPU.ActiveCfg = Debug|Any CPU
		{C956DD76-69C8-4A9C-83EA-D17DF83340FD}.Debug|Any CPU.Build.0 = Debug|Any CPU
		{C956DD76-69C8-4A9C-83EA-D17DF83340FD}.Release|Any CPU.ActiveCfg = Release|Any CPU
		{C956DD76-69C8-4A9C-83EA-D17DF83340FD}.Release|Any CPU.Build.0 = Release|Any CPU
		{50B2631D-129C-47B3-A587-029CCD6099BC}.Debug|Any CPU.ActiveCfg = Debug|Any CPU
		{50B2631D-129C-47B3-A587-029CCD6099BC}.Debug|Any CPU.Build.0 = Debug|Any CPU
		{50B2631D-129C-47B3-A587-029CCD6099BC}.Release|Any CPU.ActiveCfg = Release|Any CPU
		{50B2631D-129C-47B3-A587-029CCD6099BC}.Release|Any CPU.Build.0 = Release|Any CPU
		{42F719ED-8413-4895-B5B4-5AB56079BC66}.Debug|Any CPU.ActiveCfg = Debug|Any CPU
		{42F719ED-8413-4895-B5B4-5AB56079BC66}.Debug|Any CPU.Build.0 = Debug|Any CPU
		{42F719ED-8413-4895-B5B4-5AB56079BC66}.Release|Any CPU.ActiveCfg = Release|Any CPU
		{42F719ED-8413-4895-B5B4-5AB56079BC66}.Release|Any CPU.Build.0 = Release|Any CPU
		{520659C8-C734-4298-A3DA-B539DB9DFC0B}.Debug|Any CPU.ActiveCfg = Debug|Any CPU
		{520659C8-C734-4298-A3DA-B539DB9DFC0B}.Debug|Any CPU.Build.0 = Debug|Any CPU
		{520659C8-C734-4298-A3DA-B539DB9DFC0B}.Release|Any CPU.ActiveCfg = Release|Any CPU
		{520659C8-C734-4298-A3DA-B539DB9DFC0B}.Release|Any CPU.Build.0 = Release|Any CPU
		{4164BDF7-F527-4E85-9CE6-E3C2D7426A27}.Debug|Any CPU.ActiveCfg = Debug|Any CPU
		{4164BDF7-F527-4E85-9CE6-E3C2D7426A27}.Debug|Any CPU.Build.0 = Debug|Any CPU
		{4164BDF7-F527-4E85-9CE6-E3C2D7426A27}.Release|Any CPU.ActiveCfg = Release|Any CPU
		{4164BDF7-F527-4E85-9CE6-E3C2D7426A27}.Release|Any CPU.Build.0 = Release|Any CPU
		{3B5A0094-670D-4BB1-BFDD-61B88A8773DC}.Debug|Any CPU.ActiveCfg = Debug|Any CPU
		{3B5A0094-670D-4BB1-BFDD-61B88A8773DC}.Debug|Any CPU.Build.0 = Debug|Any CPU
		{3B5A0094-670D-4BB1-BFDD-61B88A8773DC}.Release|Any CPU.ActiveCfg = Release|Any CPU
		{3B5A0094-670D-4BB1-BFDD-61B88A8773DC}.Release|Any CPU.Build.0 = Release|Any CPU
		{073C361E-B8F4-49F5-93CC-72A3FF49C026}.Debug|Any CPU.ActiveCfg = Debug|Any CPU
		{073C361E-B8F4-49F5-93CC-72A3FF49C026}.Debug|Any CPU.Build.0 = Debug|Any CPU
		{073C361E-B8F4-49F5-93CC-72A3FF49C026}.Release|Any CPU.ActiveCfg = Release|Any CPU
		{073C361E-B8F4-49F5-93CC-72A3FF49C026}.Release|Any CPU.Build.0 = Release|Any CPU
		{E6D5BF0E-DE92-4D82-A352-EF04B37CB11C}.Debug|Any CPU.ActiveCfg = Debug|Any CPU
		{E6D5BF0E-DE92-4D82-A352-EF04B37CB11C}.Debug|Any CPU.Build.0 = Debug|Any CPU
		{E6D5BF0E-DE92-4D82-A352-EF04B37CB11C}.Release|Any CPU.ActiveCfg = Release|Any CPU
		{E6D5BF0E-DE92-4D82-A352-EF04B37CB11C}.Release|Any CPU.Build.0 = Release|Any CPU
		{1FE30EB9-74A9-47F5-A9F6-7B1FAB672D81}.Debug|Any CPU.ActiveCfg = Debug|Any CPU
		{1FE30EB9-74A9-47F5-A9F6-7B1FAB672D81}.Debug|Any CPU.Build.0 = Debug|Any CPU
		{1FE30EB9-74A9-47F5-A9F6-7B1FAB672D81}.Release|Any CPU.ActiveCfg = Release|Any CPU
		{1FE30EB9-74A9-47F5-A9F6-7B1FAB672D81}.Release|Any CPU.Build.0 = Release|Any CPU
		{91853F21-9CD9-4132-BC29-A7D5D84FFFE7}.Debug|Any CPU.ActiveCfg = Debug|Any CPU
		{91853F21-9CD9-4132-BC29-A7D5D84FFFE7}.Debug|Any CPU.Build.0 = Debug|Any CPU
		{91853F21-9CD9-4132-BC29-A7D5D84FFFE7}.Release|Any CPU.ActiveCfg = Release|Any CPU
		{91853F21-9CD9-4132-BC29-A7D5D84FFFE7}.Release|Any CPU.Build.0 = Release|Any CPU
		{E512F4D9-9375-480F-A2F6-A46509F9D824}.Debug|Any CPU.ActiveCfg = Debug|Any CPU
		{E512F4D9-9375-480F-A2F6-A46509F9D824}.Debug|Any CPU.Build.0 = Debug|Any CPU
		{E512F4D9-9375-480F-A2F6-A46509F9D824}.Release|Any CPU.ActiveCfg = Release|Any CPU
		{E512F4D9-9375-480F-A2F6-A46509F9D824}.Release|Any CPU.Build.0 = Release|Any CPU
		{EF480016-9127-4916-8735-D2466BDBC582}.Debug|Any CPU.ActiveCfg = Debug|Any CPU
		{EF480016-9127-4916-8735-D2466BDBC582}.Debug|Any CPU.Build.0 = Debug|Any CPU
		{EF480016-9127-4916-8735-D2466BDBC582}.Release|Any CPU.ActiveCfg = Release|Any CPU
		{EF480016-9127-4916-8735-D2466BDBC582}.Release|Any CPU.Build.0 = Release|Any CPU
		{AA94D832-1CCC-4715-95A9-A483F23A1A5D}.Debug|Any CPU.ActiveCfg = Debug|Any CPU
		{AA94D832-1CCC-4715-95A9-A483F23A1A5D}.Debug|Any CPU.Build.0 = Debug|Any CPU
		{AA94D832-1CCC-4715-95A9-A483F23A1A5D}.Release|Any CPU.ActiveCfg = Release|Any CPU
		{AA94D832-1CCC-4715-95A9-A483F23A1A5D}.Release|Any CPU.Build.0 = Release|Any CPU
		{8EED908B-43BA-400F-A094-BB2BA935FCD9}.Debug|Any CPU.ActiveCfg = Debug|Any CPU
		{8EED908B-43BA-400F-A094-BB2BA935FCD9}.Debug|Any CPU.Build.0 = Debug|Any CPU
		{8EED908B-43BA-400F-A094-BB2BA935FCD9}.Release|Any CPU.ActiveCfg = Release|Any CPU
		{8EED908B-43BA-400F-A094-BB2BA935FCD9}.Release|Any CPU.Build.0 = Release|Any CPU
		{E4A73E09-C6B9-4332-A29C-126BAC4C92C9}.Debug|Any CPU.ActiveCfg = Debug|Any CPU
		{E4A73E09-C6B9-4332-A29C-126BAC4C92C9}.Debug|Any CPU.Build.0 = Debug|Any CPU
		{E4A73E09-C6B9-4332-A29C-126BAC4C92C9}.Release|Any CPU.ActiveCfg = Release|Any CPU
		{E4A73E09-C6B9-4332-A29C-126BAC4C92C9}.Release|Any CPU.Build.0 = Release|Any CPU
		{EBC01FBA-7D2E-4179-A03D-A1655179E372}.Debug|Any CPU.ActiveCfg = Debug|Any CPU
		{EBC01FBA-7D2E-4179-A03D-A1655179E372}.Debug|Any CPU.Build.0 = Debug|Any CPU
		{EBC01FBA-7D2E-4179-A03D-A1655179E372}.Release|Any CPU.ActiveCfg = Release|Any CPU
		{EBC01FBA-7D2E-4179-A03D-A1655179E372}.Release|Any CPU.Build.0 = Release|Any CPU
		{26979CF7-8110-43B7-9215-019A9069A41F}.Debug|Any CPU.ActiveCfg = Debug|Any CPU
		{26979CF7-8110-43B7-9215-019A9069A41F}.Debug|Any CPU.Build.0 = Debug|Any CPU
		{26979CF7-8110-43B7-9215-019A9069A41F}.Release|Any CPU.ActiveCfg = Release|Any CPU
		{26979CF7-8110-43B7-9215-019A9069A41F}.Release|Any CPU.Build.0 = Release|Any CPU
		{168D6C17-3036-45B5-B845-5F6211C74932}.Debug|Any CPU.ActiveCfg = Debug|Any CPU
		{168D6C17-3036-45B5-B845-5F6211C74932}.Debug|Any CPU.Build.0 = Debug|Any CPU
		{168D6C17-3036-45B5-B845-5F6211C74932}.Release|Any CPU.ActiveCfg = Release|Any CPU
		{168D6C17-3036-45B5-B845-5F6211C74932}.Release|Any CPU.Build.0 = Release|Any CPU
		{5AA8810C-BF63-442D-A727-4BE62BBD5101}.Debug|Any CPU.ActiveCfg = Debug|Any CPU
		{5AA8810C-BF63-442D-A727-4BE62BBD5101}.Debug|Any CPU.Build.0 = Debug|Any CPU
		{5AA8810C-BF63-442D-A727-4BE62BBD5101}.Release|Any CPU.ActiveCfg = Release|Any CPU
		{5AA8810C-BF63-442D-A727-4BE62BBD5101}.Release|Any CPU.Build.0 = Release|Any CPU
		{267FD0E7-8047-4D3E-A57C-336E724F2F26}.Debug|Any CPU.ActiveCfg = Debug|Any CPU
		{267FD0E7-8047-4D3E-A57C-336E724F2F26}.Debug|Any CPU.Build.0 = Debug|Any CPU
		{267FD0E7-8047-4D3E-A57C-336E724F2F26}.Release|Any CPU.ActiveCfg = Release|Any CPU
		{267FD0E7-8047-4D3E-A57C-336E724F2F26}.Release|Any CPU.Build.0 = Release|Any CPU
	EndGlobalSection
	GlobalSection(SolutionProperties) = preSolution
		HideSolutionNode = FALSE
	EndGlobalSection
	GlobalSection(NestedProjects) = preSolution
		{554AD327-6DBA-4F8F-96F8-81CE7A0C863F} = {D6C4454C-AD5B-4910-B5A4-64969D72AA10}
		{1A94A50E-06DC-43C1-80B5-B662820EC3EB} = {5106F782-51F7-4A85-83ED-2029F94F4AED}
		{C956DD76-69C8-4A9C-83EA-D17DF83340FD} = {EF954F2E-57A3-477D-98AA-DD98F1862D06}
		{50B2631D-129C-47B3-A587-029CCD6099BC} = {402BC2C3-8036-442B-9966-89F46AA03DF1}
		{42F719ED-8413-4895-B5B4-5AB56079BC66} = {D6C4454C-AD5B-4910-B5A4-64969D72AA10}
		{520659C8-C734-4298-A3DA-B539DB9DFC0B} = {5106F782-51F7-4A85-83ED-2029F94F4AED}
		{4164BDF7-F527-4E85-9CE6-E3C2D7426A27} = {5106F782-51F7-4A85-83ED-2029F94F4AED}
		{3B5A0094-670D-4BB1-BFDD-61B88A8773DC} = {5106F782-51F7-4A85-83ED-2029F94F4AED}
		{073C361E-B8F4-49F5-93CC-72A3FF49C026} = {1BECD7B0-2EA6-4E3E-8FCB-4F69B0879EF4}
		{E6D5BF0E-DE92-4D82-A352-EF04B37CB11C} = {5106F782-51F7-4A85-83ED-2029F94F4AED}
		{1FE30EB9-74A9-47F5-A9F6-7B1FAB672D81} = {94870CBD-98A4-4428-B32B-15365A8A9525}
		{91853F21-9CD9-4132-BC29-A7D5D84FFFE7} = {94870CBD-98A4-4428-B32B-15365A8A9525}
		{E512F4D9-9375-480F-A2F6-A46509F9D824} = {402BC2C3-8036-442B-9966-89F46AA03DF1}
		{EF480016-9127-4916-8735-D2466BDBC582} = {94870CBD-98A4-4428-B32B-15365A8A9525}
		{AA94D832-1CCC-4715-95A9-A483F23A1A5D} = {EF954F2E-57A3-477D-98AA-DD98F1862D06}
		{1BECD7B0-2EA6-4E3E-8FCB-4F69B0879EF4} = {CA9AC87F-097E-4F15-8393-4BC07735A5B0}
		{A78AD64D-A217-48F6-800D-F745CFEAB824} = {CA9AC87F-097E-4F15-8393-4BC07735A5B0}
		{D6C4454C-AD5B-4910-B5A4-64969D72AA10} = {A78AD64D-A217-48F6-800D-F745CFEAB824}
		{EF954F2E-57A3-477D-98AA-DD98F1862D06} = {A78AD64D-A217-48F6-800D-F745CFEAB824}
		{0A173F9D-125F-477C-931A-4641DC8885B4} = {CA9AC87F-097E-4F15-8393-4BC07735A5B0}
		{5106F782-51F7-4A85-83ED-2029F94F4AED} = {CA9AC87F-097E-4F15-8393-4BC07735A5B0}
		{8EED908B-43BA-400F-A094-BB2BA935FCD9} = {0A173F9D-125F-477C-931A-4641DC8885B4}
		{E4A73E09-C6B9-4332-A29C-126BAC4C92C9} = {0A173F9D-125F-477C-931A-4641DC8885B4}
		{EBC01FBA-7D2E-4179-A03D-A1655179E372} = {0A173F9D-125F-477C-931A-4641DC8885B4}
		{26979CF7-8110-43B7-9215-019A9069A41F} = {0A173F9D-125F-477C-931A-4641DC8885B4}
		{168D6C17-3036-45B5-B845-5F6211C74932} = {0A173F9D-125F-477C-931A-4641DC8885B4}
		{402BC2C3-8036-442B-9966-89F46AA03DF1} = {04DBDB01-70F4-4E06-B468-8F87850B22BE}
		{1370614B-D4E4-4847-8AD2-FC8365C63D1A} = {04DBDB01-70F4-4E06-B468-8F87850B22BE}
		{94870CBD-98A4-4428-B32B-15365A8A9525} = {04DBDB01-70F4-4E06-B468-8F87850B22BE}
		{5AA8810C-BF63-442D-A727-4BE62BBD5101} = {1370614B-D4E4-4847-8AD2-FC8365C63D1A}
		{267FD0E7-8047-4D3E-A57C-336E724F2F26} = {1370614B-D4E4-4847-8AD2-FC8365C63D1A}
	EndGlobalSection
	GlobalSection(ExtensibilityGlobals) = postSolution
		SolutionGuid = {28315BFD-90E7-4E14-A2EA-F3D23AF4126F}
	EndGlobalSection
EndGlobal
